PODS:
  - Flutter (1.0.0)
  - flutter_tencentad (0.0.1):
    - Flutter
    - GDTMobSDK (~> 4.13.50)
  - GDTMobSDK (4.13.50):
    - GDTMobSDK/GDTMobSDK (= 4.13.50)
  - GDTMobSDK/GDTMobSDK (4.13.50)

DEPENDENCIES:
  - Flutter (from `Flutter`)
  - flutter_tencentad (from `.symlinks/plugins/flutter_tencentad/ios`)

SPEC REPOS:
  trunk:
    - GDTMobSDK

EXTERNAL SOURCES:
  Flutter:
    :path: Flutter
  flutter_tencentad:
    :path: ".symlinks/plugins/flutter_tencentad/ios"

SPEC CHECKSUMS:
  Flutter: 50d75fe2f02b26cc09d224853bb45737f8b3214a
  flutter_tencentad: 88486f724aa93f605884ad247b5f3e68bde810ae
  GDTMobSDK: 59aac3a8f80fb311aee13696754283390bd64c91

PODFILE CHECKSUM: 8e679eca47255a8ca8067c4c67aab20e64cb974d

COCOAPODS: 1.11.2
